
Microsoft Visual Studio Solution File, Format Version 12.00
# Visual Studio Version 17
VisualStudioVersion = 17.1.32228.430
MinimumVisualStudioVersion = 10.0.40219.1
Project("{9A19103F-16F7-4668-BE54-9A1E7A4F7556}") = "Neolution.OrchardCoreModules.PageViewStats", "Neolution.OrchardCoreModules.PageViewStats\Neolution.OrchardCoreModules.PageViewStats.csproj", "{4C09E371-1884-491B-B9EA-2A09F85F5487}"
EndProject
Project("{9A19103F-16F7-4668-BE54-9A1E7A4F7556}") = "PageViewStats.UnitTests", "PageViewStats.UnitTests\PageViewStats.UnitTests.csproj", "{83A256C0-100A-4DE5-B253-C78919062C92}"
EndProject
Global
	GlobalSection(SolutionConfigurationPlatforms) = preSolution
		Debug|Any CPU = Debug|Any CPU
		Release|Any CPU = Release|Any CPU
	EndGlobalSection
	GlobalSection(ProjectConfigurationPlatforms) = postSolution
		{4C09E371-1884-491B-B9EA-2A09F85F5487}.Debug|Any CPU.ActiveCfg = Debug|Any CPU
		{4C09E371-1884-491B-B9EA-2A09F85F5487}.Debug|Any CPU.Build.0 = Debug|Any CPU
		{4C09E371-1884-491B-B9EA-2A09F85F5487}.Release|Any CPU.ActiveCfg = Release|Any CPU
		{4C09E371-1884-491B-B9EA-2A09F85F5487}.Release|Any CPU.Build.0 = Release|Any CPU
		{83A256C0-100A-4DE5-B253-C78919062C92}.Debug|Any CPU.ActiveCfg = Debug|Any CPU
		{83A256C0-100A-4DE5-B253-C78919062C92}.Debug|Any CPU.Build.0 = Debug|Any CPU
		{83A256C0-100A-4DE5-B253-C78919062C92}.Release|Any CPU.ActiveCfg = Release|Any CPU
		{83A256C0-100A-4DE5-B253-C78919062C92}.Release|Any CPU.Build.0 = Release|Any CPU
	EndGlobalSection
	GlobalSection(SolutionProperties) = preSolution
		HideSolutionNode = FALSE
	EndGlobalSection
	GlobalSection(ExtensibilityGlobals) = postSolution
		SolutionGuid = {EA3EDAD6-3CAF-4C18-A2EE-13410304C3D1}
	EndGlobalSection
EndGlobal
